
Microsoft Visual Studio Solution File, Format Version 12.00
# Visual Studio Version 16
VisualStudioVersion = 16.0.31402.337
MinimumVisualStudioVersion = 10.0.40219.1
Project("{4DF76451-A46A-4C0B-BE03-459FAAFA07E6}") = "WeniFluxos", "WeniFluxos.mproj", "{10FFD305-AA3E-492B-B2A0-614F80E11E2A}"
EndProject
Global
	GlobalSection(SolutionConfigurationPlatforms) = preSolution
		Debug|x86 = Debug|x86
		Release|x86 = Release|x86
	EndGlobalSection
	GlobalSection(ProjectConfigurationPlatforms) = postSolution
		{10FFD305-AA3E-492B-B2A0-614F80E11E2A}.Debug|x86.ActiveCfg = Debug|x86
		{10FFD305-AA3E-492B-B2A0-614F80E11E2A}.Debug|x86.Build.0 = Debug|x86
		{10FFD305-AA3E-492B-B2A0-614F80E11E2A}.Release|x86.ActiveCfg = Release|x86
		{10FFD305-AA3E-492B-B2A0-614F80E11E2A}.Release|x86.Build.0 = Release|x86
	EndGlobalSection
	GlobalSection(SolutionProperties) = preSolution
		HideSolutionNode = FALSE
	EndGlobalSection
	GlobalSection(ExtensibilityGlobals) = postSolution
		SolutionGuid = {70CE1939-CAAF-49A8-B1D6-904EE2665762}
	EndGlobalSection
EndGlobal
